
Microsoft Visual Studio Solution File, Format Version 12.00
# Visual Studio Version 17
VisualStudioVersion = 17.14.36408.4
MinimumVisualStudioVersion = 10.0.40219.1
Project("{FAE04EC0-301F-11D3-BF4B-00C04F79EFBC}") = "Animals", "Hohework_01-09-2025\Animals.csproj", "{2D3B31C3-C13A-403B-8A5F-56C9E92010BD}"
EndProject
Project("{FAE04EC0-301F-11D3-BF4B-00C04F79EFBC}") = "Bank", "Bank\Bank.csproj", "{56557B9C-5288-409D-A6E5-B97849502534}"
EndProject
Project("{FAE04EC0-301F-11D3-BF4B-00C04F79EFBC}") = "CarDealer", "CarDealer\CarDealer.csproj", "{8E4F7B46-C017-412B-9ED5-9C1BEB6D42C0}"
EndProject
Project("{FAE04EC0-301F-11D3-BF4B-00C04F79EFBC}") = "ExtendedMethods", "ExtendedMethods\ExtendedMethods.csproj", "{D56FD7F2-FE2B-4B11-8260-ABA642D4C6E2}"
EndProject
Project("{FAE04EC0-301F-11D3-BF4B-00C04F79EFBC}") = "NewYearDiscount", "NewYearDiscount\NewYearDiscount.csproj", "{5B53D5D0-456F-407C-810F-2799A20D6D24}"
EndProject
Project("{FAE04EC0-301F-11D3-BF4B-00C04F79EFBC}") = "LSP", "LSP\LSP.csproj", "{53F6E73D-DF77-4F82-90C6-FCE877C4B07A}"
EndProject
Project("{FAE04EC0-301F-11D3-BF4B-00C04F79EFBC}") = "AvarageGrade", "AvarageGrade\AvarageGrade.csproj", "{0954EA04-9074-4266-AF02-41C29621D800}"
EndProject
Project("{2150E333-8FDC-42A3-9474-1A3956D46DE8}") = "Lab_Done", "Lab_Done", "{02EA681E-C7D8-13C7-8484-4AC65E1B71E8}"
EndProject
Project("{2150E333-8FDC-42A3-9474-1A3956D46DE8}") = "Labs", "Labs", "{53230D0C-D19B-4596-ADE6-402B5B49A7DD}"
EndProject
Project("{2150E333-8FDC-42A3-9474-1A3956D46DE8}") = "LessonWork", "LessonWork", "{EEC74818-BFA1-4EA1-80D8-63460B13B116}"
EndProject
Project("{FAE04EC0-301F-11D3-BF4B-00C04F79EFBC}") = "CoffeMachine", "CoffeMachine\CoffeMachine.csproj", "{F3A1F73F-CAA8-4DDC-8D20-E6E2B9B2042A}"
EndProject
Project("{FAE04EC0-301F-11D3-BF4B-00C04F79EFBC}") = "BookApp", "BookApp\BookApp.csproj", "{78394F09-8A18-4336-9031-6516793CBF33}"
EndProject
Project("{FAE04EC0-301F-11D3-BF4B-00C04F79EFBC}") = "DigitalWallet", "DigitalWallet\DigitalWallet.csproj", "{B51BFFCE-81B8-4B35-B8B7-D98B70220FC6}"
EndProject
Project("{FAE04EC0-301F-11D3-BF4B-00C04F79EFBC}") = "ChairFabric", "ChairFabric\ChairFabric.csproj", "{FEF3757C-18C4-43C5-9314-765908DF19E6}"
EndProject
Project("{FAE04EC0-301F-11D3-BF4B-00C04F79EFBC}") = "SqlFabric", "SqlFabric\SqlFabric.csproj", "{80E79D41-7DEA-44FD-8386-EE0773BA40B6}"
EndProject
Project("{FAE04EC0-301F-11D3-BF4B-00C04F79EFBC}") = "Observer", "Observer\Observer.csproj", "{939FA4E7-48E5-471D-BFA0-90C87D44F38F}"
EndProject
Project("{FAE04EC0-301F-11D3-BF4B-00C04F79EFBC}") = "SumLinq", "SumLinq\SumLinq.csproj", "{6770C541-E14E-4526-A819-2A207F23EE76}"
EndProject
Project("{2150E333-8FDC-42A3-9474-1A3956D46DE8}") = "Calculator", "Calculator", "{319B98A1-BB2D-4EBE-8DA4-CF1FEF1C997D}"
EndProject
Project("{FAE04EC0-301F-11D3-BF4B-00C04F79EFBC}") = "TestStringCalc", "TestStringCalc\TestStringCalc.csproj", "{378E2E91-77CC-4523-B5E6-4A95477ADA58}"
EndProject
Project("{FAE04EC0-301F-11D3-BF4B-00C04F79EFBC}") = "KataStringCalc", "KataStringCalc\KataStringCalc.csproj", "{77EA9E8A-2F17-46C0-A620-94D4E5557ABE}"
EndProject
Project("{FAE04EC0-301F-11D3-BF4B-00C04F79EFBC}") = "UserList", "UserList\UserList.csproj", "{D7837D42-F21F-4BE4-A40D-DE031BC08EB1}"
EndProject
Project("{FAE04EC0-301F-11D3-BF4B-00C04F79EFBC}") = "BubleSort", "BubleSort\BubleSort.csproj", "{604EFE58-D627-4E6C-A0C8-E34B043BA0A3}"
EndProject
Project("{2150E333-8FDC-42A3-9474-1A3956D46DE8}") = "CalculatorNum", "CalculatorNum", "{4B6BEEC8-5F77-4A65-8B43-E3AAD3611212}"
EndProject
Project("{FAE04EC0-301F-11D3-BF4B-00C04F79EFBC}") = "CalculatorNum", "CalculatorNum\CalculatorNum.csproj", "{6E06FDEC-8CC8-447F-B9F2-C38CB010C553}"
EndProject
Project("{FAE04EC0-301F-11D3-BF4B-00C04F79EFBC}") = "CalculatorNum.Tests", "CalculatorNum.Tests\CalculatorNum.Tests.csproj", "{FF3AA4A2-843C-4199-8A89-1C46B320E5CC}"
EndProject
Project("{FAE04EC0-301F-11D3-BF4B-00C04F79EFBC}") = "Library", "Library\Library.csproj", "{26BECC21-A3FB-489A-8FDD-DDE90DD018BD}"
EndProject
Global
	GlobalSection(SolutionConfigurationPlatforms) = preSolution
		Debug|Any CPU = Debug|Any CPU
		Release|Any CPU = Release|Any CPU
	EndGlobalSection
	GlobalSection(ProjectConfigurationPlatforms) = postSolution
		{2D3B31C3-C13A-403B-8A5F-56C9E92010BD}.Debug|Any CPU.ActiveCfg = Debug|Any CPU
		{2D3B31C3-C13A-403B-8A5F-56C9E92010BD}.Debug|Any CPU.Build.0 = Debug|Any CPU
		{2D3B31C3-C13A-403B-8A5F-56C9E92010BD}.Release|Any CPU.ActiveCfg = Release|Any CPU
		{2D3B31C3-C13A-403B-8A5F-56C9E92010BD}.Release|Any CPU.Build.0 = Release|Any CPU
		{56557B9C-5288-409D-A6E5-B97849502534}.Debug|Any CPU.ActiveCfg = Debug|Any CPU
		{56557B9C-5288-409D-A6E5-B97849502534}.Debug|Any CPU.Build.0 = Debug|Any CPU
		{56557B9C-5288-409D-A6E5-B97849502534}.Release|Any CPU.ActiveCfg = Release|Any CPU
		{56557B9C-5288-409D-A6E5-B97849502534}.Release|Any CPU.Build.0 = Release|Any CPU
		{8E4F7B46-C017-412B-9ED5-9C1BEB6D42C0}.Debug|Any CPU.ActiveCfg = Debug|Any CPU
		{8E4F7B46-C017-412B-9ED5-9C1BEB6D42C0}.Debug|Any CPU.Build.0 = Debug|Any CPU
		{8E4F7B46-C017-412B-9ED5-9C1BEB6D42C0}.Release|Any CPU.ActiveCfg = Release|Any CPU
		{8E4F7B46-C017-412B-9ED5-9C1BEB6D42C0}.Release|Any CPU.Build.0 = Release|Any CPU
		{D56FD7F2-FE2B-4B11-8260-ABA642D4C6E2}.Debug|Any CPU.ActiveCfg = Debug|Any CPU
		{D56FD7F2-FE2B-4B11-8260-ABA642D4C6E2}.Debug|Any CPU.Build.0 = Debug|Any CPU
		{D56FD7F2-FE2B-4B11-8260-ABA642D4C6E2}.Release|Any CPU.ActiveCfg = Release|Any CPU
		{D56FD7F2-FE2B-4B11-8260-ABA642D4C6E2}.Release|Any CPU.Build.0 = Release|Any CPU
		{5B53D5D0-456F-407C-810F-2799A20D6D24}.Debug|Any CPU.ActiveCfg = Debug|Any CPU
		{5B53D5D0-456F-407C-810F-2799A20D6D24}.Debug|Any CPU.Build.0 = Debug|Any CPU
		{5B53D5D0-456F-407C-810F-2799A20D6D24}.Release|Any CPU.ActiveCfg = Release|Any CPU
		{5B53D5D0-456F-407C-810F-2799A20D6D24}.Release|Any CPU.Build.0 = Release|Any CPU
		{53F6E73D-DF77-4F82-90C6-FCE877C4B07A}.Debug|Any CPU.ActiveCfg = Debug|Any CPU
		{53F6E73D-DF77-4F82-90C6-FCE877C4B07A}.Debug|Any CPU.Build.0 = Debug|Any CPU
		{53F6E73D-DF77-4F82-90C6-FCE877C4B07A}.Release|Any CPU.ActiveCfg = Release|Any CPU
		{53F6E73D-DF77-4F82-90C6-FCE877C4B07A}.Release|Any CPU.Build.0 = Release|Any CPU
		{0954EA04-9074-4266-AF02-41C29621D800}.Debug|Any CPU.ActiveCfg = Debug|Any CPU
		{0954EA04-9074-4266-AF02-41C29621D800}.Debug|Any CPU.Build.0 = Debug|Any CPU
		{0954EA04-9074-4266-AF02-41C29621D800}.Release|Any CPU.ActiveCfg = Release|Any CPU
		{0954EA04-9074-4266-AF02-41C29621D800}.Release|Any CPU.Build.0 = Release|Any CPU
		{F3A1F73F-CAA8-4DDC-8D20-E6E2B9B2042A}.Debug|Any CPU.ActiveCfg = Debug|Any CPU
		{F3A1F73F-CAA8-4DDC-8D20-E6E2B9B2042A}.Debug|Any CPU.Build.0 = Debug|Any CPU
		{F3A1F73F-CAA8-4DDC-8D20-E6E2B9B2042A}.Release|Any CPU.ActiveCfg = Release|Any CPU
		{F3A1F73F-CAA8-4DDC-8D20-E6E2B9B2042A}.Release|Any CPU.Build.0 = Release|Any CPU
		{78394F09-8A18-4336-9031-6516793CBF33}.Debug|Any CPU.ActiveCfg = Debug|Any CPU
		{78394F09-8A18-4336-9031-6516793CBF33}.Debug|Any CPU.Build.0 = Debug|Any CPU
		{78394F09-8A18-4336-9031-6516793CBF33}.Release|Any CPU.ActiveCfg = Release|Any CPU
		{78394F09-8A18-4336-9031-6516793CBF33}.Release|Any CPU.Build.0 = Release|Any CPU
		{B51BFFCE-81B8-4B35-B8B7-D98B70220FC6}.Debug|Any CPU.ActiveCfg = Debug|Any CPU
		{B51BFFCE-81B8-4B35-B8B7-D98B70220FC6}.Debug|Any CPU.Build.0 = Debug|Any CPU
		{B51BFFCE-81B8-4B35-B8B7-D98B70220FC6}.Release|Any CPU.ActiveCfg = Release|Any CPU
		{B51BFFCE-81B8-4B35-B8B7-D98B70220FC6}.Release|Any CPU.Build.0 = Release|Any CPU
		{FEF3757C-18C4-43C5-9314-765908DF19E6}.Debug|Any CPU.ActiveCfg = Debug|Any CPU
		{FEF3757C-18C4-43C5-9314-765908DF19E6}.Debug|Any CPU.Build.0 = Debug|Any CPU
		{FEF3757C-18C4-43C5-9314-765908DF19E6}.Release|Any CPU.ActiveCfg = Release|Any CPU
		{FEF3757C-18C4-43C5-9314-765908DF19E6}.Release|Any CPU.Build.0 = Release|Any CPU
		{80E79D41-7DEA-44FD-8386-EE0773BA40B6}.Debug|Any CPU.ActiveCfg = Debug|Any CPU
		{80E79D41-7DEA-44FD-8386-EE0773BA40B6}.Debug|Any CPU.Build.0 = Debug|Any CPU
		{80E79D41-7DEA-44FD-8386-EE0773BA40B6}.Release|Any CPU.ActiveCfg = Release|Any CPU
		{80E79D41-7DEA-44FD-8386-EE0773BA40B6}.Release|Any CPU.Build.0 = Release|Any CPU
		{939FA4E7-48E5-471D-BFA0-90C87D44F38F}.Debug|Any CPU.ActiveCfg = Debug|Any CPU
		{939FA4E7-48E5-471D-BFA0-90C87D44F38F}.Debug|Any CPU.Build.0 = Debug|Any CPU
		{939FA4E7-48E5-471D-BFA0-90C87D44F38F}.Release|Any CPU.ActiveCfg = Release|Any CPU
		{939FA4E7-48E5-471D-BFA0-90C87D44F38F}.Release|Any CPU.Build.0 = Release|Any CPU
		{6770C541-E14E-4526-A819-2A207F23EE76}.Debug|Any CPU.ActiveCfg = Debug|Any CPU
		{6770C541-E14E-4526-A819-2A207F23EE76}.Debug|Any CPU.Build.0 = Debug|Any CPU
		{6770C541-E14E-4526-A819-2A207F23EE76}.Release|Any CPU.ActiveCfg = Release|Any CPU
		{6770C541-E14E-4526-A819-2A207F23EE76}.Release|Any CPU.Build.0 = Release|Any CPU
		{378E2E91-77CC-4523-B5E6-4A95477ADA58}.Debug|Any CPU.ActiveCfg = Debug|Any CPU
		{378E2E91-77CC-4523-B5E6-4A95477ADA58}.Debug|Any CPU.Build.0 = Debug|Any CPU
		{378E2E91-77CC-4523-B5E6-4A95477ADA58}.Release|Any CPU.ActiveCfg = Release|Any CPU
		{378E2E91-77CC-4523-B5E6-4A95477ADA58}.Release|Any CPU.Build.0 = Release|Any CPU
		{77EA9E8A-2F17-46C0-A620-94D4E5557ABE}.Debug|Any CPU.ActiveCfg = Debug|Any CPU
		{77EA9E8A-2F17-46C0-A620-94D4E5557ABE}.Debug|Any CPU.Build.0 = Debug|Any CPU
		{77EA9E8A-2F17-46C0-A620-94D4E5557ABE}.Release|Any CPU.ActiveCfg = Release|Any CPU
		{77EA9E8A-2F17-46C0-A620-94D4E5557ABE}.Release|Any CPU.Build.0 = Release|Any CPU
		{D7837D42-F21F-4BE4-A40D-DE031BC08EB1}.Debug|Any CPU.ActiveCfg = Debug|Any CPU
		{D7837D42-F21F-4BE4-A40D-DE031BC08EB1}.Debug|Any CPU.Build.0 = Debug|Any CPU
		{D7837D42-F21F-4BE4-A40D-DE031BC08EB1}.Release|Any CPU.ActiveCfg = Release|Any CPU
		{D7837D42-F21F-4BE4-A40D-DE031BC08EB1}.Release|Any CPU.Build.0 = Release|Any CPU
		{604EFE58-D627-4E6C-A0C8-E34B043BA0A3}.Debug|Any CPU.ActiveCfg = Debug|Any CPU
		{604EFE58-D627-4E6C-A0C8-E34B043BA0A3}.Debug|Any CPU.Build.0 = Debug|Any CPU
		{604EFE58-D627-4E6C-A0C8-E34B043BA0A3}.Release|Any CPU.ActiveCfg = Release|Any CPU
		{604EFE58-D627-4E6C-A0C8-E34B043BA0A3}.Release|Any CPU.Build.0 = Release|Any CPU
		{6E06FDEC-8CC8-447F-B9F2-C38CB010C553}.Debug|Any CPU.ActiveCfg = Debug|Any CPU
		{6E06FDEC-8CC8-447F-B9F2-C38CB010C553}.Debug|Any CPU.Build.0 = Debug|Any CPU
		{6E06FDEC-8CC8-447F-B9F2-C38CB010C553}.Release|Any CPU.ActiveCfg = Release|Any CPU
		{6E06FDEC-8CC8-447F-B9F2-C38CB010C553}.Release|Any CPU.Build.0 = Release|Any CPU
		{FF3AA4A2-843C-4199-8A89-1C46B320E5CC}.Debug|Any CPU.ActiveCfg = Debug|Any CPU
		{FF3AA4A2-843C-4199-8A89-1C46B320E5CC}.Debug|Any CPU.Build.0 = Debug|Any CPU
		{FF3AA4A2-843C-4199-8A89-1C46B320E5CC}.Release|Any CPU.ActiveCfg = Release|Any CPU
		{FF3AA4A2-843C-4199-8A89-1C46B320E5CC}.Release|Any CPU.Build.0 = Release|Any CPU
		{26BECC21-A3FB-489A-8FDD-DDE90DD018BD}.Debug|Any CPU.ActiveCfg = Debug|Any CPU
		{26BECC21-A3FB-489A-8FDD-DDE90DD018BD}.Debug|Any CPU.Build.0 = Debug|Any CPU
		{26BECC21-A3FB-489A-8FDD-DDE90DD018BD}.Release|Any CPU.ActiveCfg = Release|Any CPU
		{26BECC21-A3FB-489A-8FDD-DDE90DD018BD}.Release|Any CPU.Build.0 = Release|Any CPU
	EndGlobalSection
	GlobalSection(SolutionProperties) = preSolution
		HideSolutionNode = FALSE
	EndGlobalSection
	GlobalSection(NestedProjects) = preSolution
		{2D3B31C3-C13A-403B-8A5F-56C9E92010BD} = {02EA681E-C7D8-13C7-8484-4AC65E1B71E8}
		{56557B9C-5288-409D-A6E5-B97849502534} = {02EA681E-C7D8-13C7-8484-4AC65E1B71E8}
		{8E4F7B46-C017-412B-9ED5-9C1BEB6D42C0} = {02EA681E-C7D8-13C7-8484-4AC65E1B71E8}
		{D56FD7F2-FE2B-4B11-8260-ABA642D4C6E2} = {EEC74818-BFA1-4EA1-80D8-63460B13B116}
		{5B53D5D0-456F-407C-810F-2799A20D6D24} = {EEC74818-BFA1-4EA1-80D8-63460B13B116}
		{53F6E73D-DF77-4F82-90C6-FCE877C4B07A} = {EEC74818-BFA1-4EA1-80D8-63460B13B116}
		{0954EA04-9074-4266-AF02-41C29621D800} = {EEC74818-BFA1-4EA1-80D8-63460B13B116}
		{F3A1F73F-CAA8-4DDC-8D20-E6E2B9B2042A} = {02EA681E-C7D8-13C7-8484-4AC65E1B71E8}
		{78394F09-8A18-4336-9031-6516793CBF33} = {EEC74818-BFA1-4EA1-80D8-63460B13B116}
		{B51BFFCE-81B8-4B35-B8B7-D98B70220FC6} = {02EA681E-C7D8-13C7-8484-4AC65E1B71E8}
		{FEF3757C-18C4-43C5-9314-765908DF19E6} = {EEC74818-BFA1-4EA1-80D8-63460B13B116}
		{80E79D41-7DEA-44FD-8386-EE0773BA40B6} = {EEC74818-BFA1-4EA1-80D8-63460B13B116}
		{939FA4E7-48E5-471D-BFA0-90C87D44F38F} = {EEC74818-BFA1-4EA1-80D8-63460B13B116}
		{6770C541-E14E-4526-A819-2A207F23EE76} = {53230D0C-D19B-4596-ADE6-402B5B49A7DD}
		{319B98A1-BB2D-4EBE-8DA4-CF1FEF1C997D} = {02EA681E-C7D8-13C7-8484-4AC65E1B71E8}
		{378E2E91-77CC-4523-B5E6-4A95477ADA58} = {319B98A1-BB2D-4EBE-8DA4-CF1FEF1C997D}
		{77EA9E8A-2F17-46C0-A620-94D4E5557ABE} = {319B98A1-BB2D-4EBE-8DA4-CF1FEF1C997D}
		{D7837D42-F21F-4BE4-A40D-DE031BC08EB1} = {53230D0C-D19B-4596-ADE6-402B5B49A7DD}
		{604EFE58-D627-4E6C-A0C8-E34B043BA0A3} = {53230D0C-D19B-4596-ADE6-402B5B49A7DD}
		{4B6BEEC8-5F77-4A65-8B43-E3AAD3611212} = {53230D0C-D19B-4596-ADE6-402B5B49A7DD}
		{6E06FDEC-8CC8-447F-B9F2-C38CB010C553} = {4B6BEEC8-5F77-4A65-8B43-E3AAD3611212}
		{FF3AA4A2-843C-4199-8A89-1C46B320E5CC} = {4B6BEEC8-5F77-4A65-8B43-E3AAD3611212}
		{26BECC21-A3FB-489A-8FDD-DDE90DD018BD} = {53230D0C-D19B-4596-ADE6-402B5B49A7DD}
	EndGlobalSection
	GlobalSection(ExtensibilityGlobals) = postSolution
		SolutionGuid = {778CDEB8-5724-4CD1-A2D4-39D4F9EAE5B2}
	EndGlobalSection
EndGlobal
